
Microsoft Visual Studio Solution File, Format Version 12.00
# Visual Studio 15
VisualStudioVersion = 15.0.27428.2037
MinimumVisualStudioVersion = 10.0.40219.1
Project("{FAE04EC0-301F-11D3-BF4B-00C04F79EFBC}") = "NTierVeresiye.DAL", "NTierVeresiye.DAL\NTierVeresiye.DAL.csproj", "{1C96B6A7-6862-480F-B6A6-BB380B5BF532}"
EndProject
Project("{FAE04EC0-301F-11D3-BF4B-00C04F79EFBC}") = "NTierVeresiye.BOL", "NTierVeresiye.BOL\NTierVeresiye.BOL.csproj", "{11201934-898B-498D-8FD5-279254B26781}"
EndProject
Project("{FAE04EC0-301F-11D3-BF4B-00C04F79EFBC}") = "NTierVeresiye.BLL", "NTierVeresiye.BLL\NTierVeresiye.BLL.csproj", "{8A003907-ACEC-4E71-B224-243626D944BE}"
EndProject
Project("{FAE04EC0-301F-11D3-BF4B-00C04F79EFBC}") = "NTierVrsy.WFUI", "NTierVrsy.WFUI\NTierVrsy.WFUI.csproj", "{7CE86B66-72D6-440B-A6C7-F2D01910DA89}"
EndProject
Global
	GlobalSection(SolutionConfigurationPlatforms) = preSolution
		Debug|Any CPU = Debug|Any CPU
		Release|Any CPU = Release|Any CPU
	EndGlobalSection
	GlobalSection(ProjectConfigurationPlatforms) = postSolution
		{1C96B6A7-6862-480F-B6A6-BB380B5BF532}.Debug|Any CPU.ActiveCfg = Debug|Any CPU
		{1C96B6A7-6862-480F-B6A6-BB380B5BF532}.Debug|Any CPU.Build.0 = Debug|Any CPU
		{1C96B6A7-6862-480F-B6A6-BB380B5BF532}.Release|Any CPU.ActiveCfg = Release|Any CPU
		{1C96B6A7-6862-480F-B6A6-BB380B5BF532}.Release|Any CPU.Build.0 = Release|Any CPU
		{11201934-898B-498D-8FD5-279254B26781}.Debug|Any CPU.ActiveCfg = Debug|Any CPU
		{11201934-898B-498D-8FD5-279254B26781}.Debug|Any CPU.Build.0 = Debug|Any CPU
		{11201934-898B-498D-8FD5-279254B26781}.Release|Any CPU.ActiveCfg = Release|Any CPU
		{11201934-898B-498D-8FD5-279254B26781}.Release|Any CPU.Build.0 = Release|Any CPU
		{8A003907-ACEC-4E71-B224-243626D944BE}.Debug|Any CPU.ActiveCfg = Debug|Any CPU
		{8A003907-ACEC-4E71-B224-243626D944BE}.Debug|Any CPU.Build.0 = Debug|Any CPU
		{8A003907-ACEC-4E71-B224-243626D944BE}.Release|Any CPU.ActiveCfg = Release|Any CPU
		{8A003907-ACEC-4E71-B224-243626D944BE}.Release|Any CPU.Build.0 = Release|Any CPU
		{7CE86B66-72D6-440B-A6C7-F2D01910DA89}.Debug|Any CPU.ActiveCfg = Debug|Any CPU
		{7CE86B66-72D6-440B-A6C7-F2D01910DA89}.Debug|Any CPU.Build.0 = Debug|Any CPU
		{7CE86B66-72D6-440B-A6C7-F2D01910DA89}.Release|Any CPU.ActiveCfg = Release|Any CPU
		{7CE86B66-72D6-440B-A6C7-F2D01910DA89}.Release|Any CPU.Build.0 = Release|Any CPU
	EndGlobalSection
	GlobalSection(SolutionProperties) = preSolution
		HideSolutionNode = FALSE
	EndGlobalSection
	GlobalSection(ExtensibilityGlobals) = postSolution
		SolutionGuid = {7339BB5E-BA4A-4745-A397-3C555D27048D}
	EndGlobalSection
EndGlobal
