
Microsoft Visual Studio Solution File, Format Version 12.00
# Visual Studio 15
VisualStudioVersion = 15.0.27428.2037
MinimumVisualStudioVersion = 10.0.40219.1
Project("{FAE04EC0-301F-11D3-BF4B-00C04F79EFBC}") = "WFXML", "WFXML\WFXML.csproj", "{7BE38B57-48CB-4FC9-9098-E835187B453C}"
EndProject
Global
	GlobalSection(SolutionConfigurationPlatforms) = preSolution
		Debug|Any CPU = Debug|Any CPU
		Release|Any CPU = Release|Any CPU
	EndGlobalSection
	GlobalSection(ProjectConfigurationPlatforms) = postSolution
		{7BE38B57-48CB-4FC9-9098-E835187B453C}.Debug|Any CPU.ActiveCfg = Debug|Any CPU
		{7BE38B57-48CB-4FC9-9098-E835187B453C}.Debug|Any CPU.Build.0 = Debug|Any CPU
		{7BE38B57-48CB-4FC9-9098-E835187B453C}.Release|Any CPU.ActiveCfg = Release|Any CPU
		{7BE38B57-48CB-4FC9-9098-E835187B453C}.Release|Any CPU.Build.0 = Release|Any CPU
	EndGlobalSection
	GlobalSection(SolutionProperties) = preSolution
		HideSolutionNode = FALSE
	EndGlobalSection
	GlobalSection(ExtensibilityGlobals) = postSolution
		SolutionGuid = {10CF0B98-820A-4D15-A1FE-7A7FB6E03280}
	EndGlobalSection
EndGlobal
